{
    "version": 3,
    "terraform_version": "0.11.14",
    "serial": 2,
    "lineage": "71ef88b7-3e1b-d5d8-5c89-a64fa0168afd",
    "modules": [
        {
            "path": [
                "root"
            ],
            "outputs": {},
            "resources": {
                "aws_instance.postgres-prod-node1": {
                    "type": "aws_instance",
                    "depends_on": [
                        "aws_key_pair.mykey",
                        "aws_subnet.prod-public-1"
                    ],
                    "primary": {
                        "id": "i-0430f0f4d537bd77d",
                        "attributes": {
                            "ami": "ami-006219aba10688d0b",
                            "arn": "arn:aws:ec2:us-east-1:483714472176:instance/i-0430f0f4d537bd77d",
                            "associate_public_ip_address": "true",
                            "availability_zone": "us-east-1a",
                            "cpu_core_count": "2",
                            "cpu_threads_per_core": "1",
                            "credit_specification.#": "1",
                            "credit_specification.0.cpu_credits": "standard",
                            "disable_api_termination": "false",
                            "ebs_block_device.#": "4",
                            "ebs_block_device.10338501.delete_on_termination": "true",
                            "ebs_block_device.10338501.device_name": "/dev/sdf",
                            "ebs_block_device.10338501.encrypted": "false",
                            "ebs_block_device.10338501.iops": "300",
                            "ebs_block_device.10338501.snapshot_id": "snap-08086585c660a7af7",
                            "ebs_block_device.10338501.volume_id": "vol-04cfdfc94f3457ae2",
                            "ebs_block_device.10338501.volume_size": "100",
                            "ebs_block_device.10338501.volume_type": "gp2",
                            "ebs_block_device.2005920083.delete_on_termination": "true",
                            "ebs_block_device.2005920083.device_name": "/dev/sdg",
                            "ebs_block_device.2005920083.encrypted": "false",
                            "ebs_block_device.2005920083.iops": "150",
                            "ebs_block_device.2005920083.snapshot_id": "snap-022142c1eb796e70c",
                            "ebs_block_device.2005920083.volume_id": "vol-00069cfc57f852597",
                            "ebs_block_device.2005920083.volume_size": "50",
                            "ebs_block_device.2005920083.volume_type": "gp2",
                            "ebs_block_device.2350082892.delete_on_termination": "true",
                            "ebs_block_device.2350082892.device_name": "/dev/sdh",
                            "ebs_block_device.2350082892.encrypted": "false",
                            "ebs_block_device.2350082892.iops": "100",
                            "ebs_block_device.2350082892.snapshot_id": "snap-057dcaeffb7814813",
                            "ebs_block_device.2350082892.volume_id": "vol-0bcdcb9ce00332523",
                            "ebs_block_device.2350082892.volume_size": "20",
                            "ebs_block_device.2350082892.volume_type": "gp2",
                            "ebs_block_device.3160493228.delete_on_termination": "true",
                            "ebs_block_device.3160493228.device_name": "/dev/sde",
                            "ebs_block_device.3160493228.encrypted": "false",
                            "ebs_block_device.3160493228.iops": "150",
                            "ebs_block_device.3160493228.snapshot_id": "snap-0d8fd4343763d0ba8",
                            "ebs_block_device.3160493228.volume_id": "vol-09aa8a2592af89fc7",
                            "ebs_block_device.3160493228.volume_size": "50",
                            "ebs_block_device.3160493228.volume_type": "gp2",
                            "ebs_optimized": "false",
                            "ephemeral_block_device.#": "0",
                            "get_password_data": "false",
                            "iam_instance_profile": "",
                            "id": "i-0430f0f4d537bd77d",
                            "instance_state": "running",
                            "instance_type": "t2.medium",
                            "ipv6_address_count": "0",
                            "ipv6_addresses.#": "0",
                            "key_name": "mykey",
                            "monitoring": "false",
                            "network_interface.#": "0",
                            "password_data": "",
                            "placement_group": "",
                            "primary_network_interface_id": "eni-048af37fc19457935",
                            "private_dns": "ip-172-16-1-54.ec2.internal",
                            "private_ip": "172.16.1.54",
                            "public_dns": "ec2-3-93-219-36.compute-1.amazonaws.com",
                            "public_ip": "3.93.219.36",
                            "root_block_device.#": "1",
                            "root_block_device.0.delete_on_termination": "true",
                            "root_block_device.0.iops": "100",
                            "root_block_device.0.volume_id": "vol-0d818780c010f566e",
                            "root_block_device.0.volume_size": "8",
                            "root_block_device.0.volume_type": "gp2",
                            "security_groups.#": "0",
                            "source_dest_check": "true",
                            "subnet_id": "subnet-00c4cce927973ef30",
                            "tags.%": "0",
                            "tenancy": "default",
                            "volume_tags.%": "0",
                            "vpc_security_group_ids.#": "1",
                            "vpc_security_group_ids.2780153443": "sg-0bc0bdfc20ae77dde"
                        },
                        "meta": {
                            "e2bfb730-ecaa-11e6-8f88-34363bc7c4c0": {
                                "create": 600000000000,
                                "delete": 1200000000000,
                                "update": 600000000000
                            },
                            "schema_version": "1"
                        },
                        "tainted": true
                    },
                    "deposed": [],
                    "provider": "provider.aws"
                },
                "aws_internet_gateway.prod-gw": {
                    "type": "aws_internet_gateway",
                    "depends_on": [
                        "aws_vpc.vpc-prod"
                    ],
                    "primary": {
                        "id": "igw-0b19a1c3b4f973716",
                        "attributes": {
                            "id": "igw-0b19a1c3b4f973716",
                            "owner_id": "483714472176",
                            "tags.%": "1",
                            "tags.Name": "prod-gw",
                            "vpc_id": "vpc-080efa2f28905a5a2"
                        },
                        "meta": {},
                        "tainted": false
                    },
                    "deposed": [],
                    "provider": "provider.aws"
                },
                "aws_key_pair.mykey": {
                    "type": "aws_key_pair",
                    "depends_on": [],
                    "primary": {
                        "id": "mykey",
                        "attributes": {
                            "fingerprint": "b8:33:bb:ce:4d:f7:a8:22:c8:a3:00:44:e3:b3:6e:cf",
                            "id": "mykey",
                            "key_name": "mykey",
                            "public_key": "ssh-rsa AAAAB3NzaC1yc2EAAAADAQABAAABAQDffZNRkVZXMqVhCqyrROeMEEYcE63e815iwF0u0zXHMYNAneyK6TWEmYJp2EqF6RGCZ8iXnU+/zEiUcv3lPLrgMWNDopNhH5qOHQfweQwxOkJAlF4h/w6OPit8MwZFcpEwzv8c1zyxqQtD0efHqsMsfXntYSvPg+AnW3U1ZOaX5k3XxJpkDL23yGLYi6oOS7YVJ+Pqb5Y9z/JIRVyjXZq8+ezVUef+EaoLWMYTpvz/hFleuXyyKoUocji0kTMugdjgl0GOhDBgJiTA0tYyi69hsArn42fGGeSl0XqR1FuDkB+zn0o9Bhf2qBD46QGhnOnfyKEr3IhAu0Yonp5DYUEl eugene@dockers.example.com"
                        },
                        "meta": {
                            "schema_version": "1"
                        },
                        "tainted": false
                    },
                    "deposed": [],
                    "provider": "provider.aws"
                },
                "aws_route_table.prod-public": {
                    "type": "aws_route_table",
                    "depends_on": [
                        "aws_internet_gateway.prod-gw",
                        "aws_vpc.vpc-prod"
                    ],
                    "primary": {
                        "id": "rtb-0d71c17fa395b7c19",
                        "attributes": {
                            "id": "rtb-0d71c17fa395b7c19",
                            "owner_id": "483714472176",
                            "propagating_vgws.#": "0",
                            "route.#": "1",
                            "route.1969454531.cidr_block": "0.0.0.0/0",
                            "route.1969454531.egress_only_gateway_id": "",
                            "route.1969454531.gateway_id": "igw-0b19a1c3b4f973716",
                            "route.1969454531.instance_id": "",
                            "route.1969454531.ipv6_cidr_block": "",
                            "route.1969454531.nat_gateway_id": "",
                            "route.1969454531.network_interface_id": "",
                            "route.1969454531.transit_gateway_id": "",
                            "route.1969454531.vpc_peering_connection_id": "",
                            "tags.%": "1",
                            "tags.Name": "prod-public-route",
                            "vpc_id": "vpc-080efa2f28905a5a2"
                        },
                        "meta": {},
                        "tainted": false
                    },
                    "deposed": [],
                    "provider": "provider.aws"
                },
                "aws_route_table_association.prod-public-1-a": {
                    "type": "aws_route_table_association",
                    "depends_on": [
                        "aws_route_table.prod-public",
                        "aws_subnet.prod-public-1"
                    ],
                    "primary": {
                        "id": "rtbassoc-076fa00b9aca2c4bf",
                        "attributes": {
                            "id": "rtbassoc-076fa00b9aca2c4bf",
                            "route_table_id": "rtb-0d71c17fa395b7c19",
                            "subnet_id": "subnet-00c4cce927973ef30"
                        },
                        "meta": {},
                        "tainted": false
                    },
                    "deposed": [],
                    "provider": "provider.aws"
                },
                "aws_route_table_association.prod-public-2-a": {
                    "type": "aws_route_table_association",
                    "depends_on": [
                        "aws_route_table.prod-public",
                        "aws_subnet.prod-public-2"
                    ],
                    "primary": {
                        "id": "rtbassoc-0b1fb03e6181ce1e3",
                        "attributes": {
                            "id": "rtbassoc-0b1fb03e6181ce1e3",
                            "route_table_id": "rtb-0d71c17fa395b7c19",
                            "subnet_id": "subnet-069e1bb70ebe1effe"
                        },
                        "meta": {},
                        "tainted": false
                    },
                    "deposed": [],
                    "provider": "provider.aws"
                },
                "aws_route_table_association.prod-public-3-a": {
                    "type": "aws_route_table_association",
                    "depends_on": [
                        "aws_route_table.prod-public",
                        "aws_subnet.prod-public-3"
                    ],
                    "primary": {
                        "id": "rtbassoc-00f00c779bad25599",
                        "attributes": {
                            "id": "rtbassoc-00f00c779bad25599",
                            "route_table_id": "rtb-0d71c17fa395b7c19",
                            "subnet_id": "subnet-0061589adbd1c0406"
                        },
                        "meta": {},
                        "tainted": false
                    },
                    "deposed": [],
                    "provider": "provider.aws"
                },
                "aws_security_group.prod-postgres-secgroup": {
                    "type": "aws_security_group",
                    "depends_on": [
                        "aws_vpc.vpc-prod"
                    ],
                    "primary": {
                        "id": "sg-01a12fec9e9898dd6",
                        "attributes": {
                            "arn": "arn:aws:ec2:us-east-1:483714472176:security-group/sg-01a12fec9e9898dd6",
                            "description": "security group that allows ping, ssh, posgres and all egress traffic",
                            "egress.#": "1",
                            "egress.482069346.cidr_blocks.#": "1",
                            "egress.482069346.cidr_blocks.0": "0.0.0.0/0",
                            "egress.482069346.description": "",
                            "egress.482069346.from_port": "0",
                            "egress.482069346.ipv6_cidr_blocks.#": "0",
                            "egress.482069346.prefix_list_ids.#": "0",
                            "egress.482069346.protocol": "-1",
                            "egress.482069346.security_groups.#": "0",
                            "egress.482069346.self": "false",
                            "egress.482069346.to_port": "0",
                            "id": "sg-01a12fec9e9898dd6",
                            "ingress.#": "3",
                            "ingress.2541437006.cidr_blocks.#": "1",
                            "ingress.2541437006.cidr_blocks.0": "0.0.0.0/0",
                            "ingress.2541437006.description": "",
                            "ingress.2541437006.from_port": "22",
                            "ingress.2541437006.ipv6_cidr_blocks.#": "0",
                            "ingress.2541437006.prefix_list_ids.#": "0",
                            "ingress.2541437006.protocol": "tcp",
                            "ingress.2541437006.security_groups.#": "0",
                            "ingress.2541437006.self": "false",
                            "ingress.2541437006.to_port": "22",
                            "ingress.3068409405.cidr_blocks.#": "1",
                            "ingress.3068409405.cidr_blocks.0": "0.0.0.0/0",
                            "ingress.3068409405.description": "",
                            "ingress.3068409405.from_port": "8",
                            "ingress.3068409405.ipv6_cidr_blocks.#": "0",
                            "ingress.3068409405.prefix_list_ids.#": "0",
                            "ingress.3068409405.protocol": "icmp",
                            "ingress.3068409405.security_groups.#": "0",
                            "ingress.3068409405.self": "false",
                            "ingress.3068409405.to_port": "0",
                            "ingress.761371496.cidr_blocks.#": "1",
                            "ingress.761371496.cidr_blocks.0": "0.0.0.0/0",
                            "ingress.761371496.description": "",
                            "ingress.761371496.from_port": "5432",
                            "ingress.761371496.ipv6_cidr_blocks.#": "0",
                            "ingress.761371496.prefix_list_ids.#": "0",
                            "ingress.761371496.protocol": "tcp",
                            "ingress.761371496.security_groups.#": "0",
                            "ingress.761371496.self": "false",
                            "ingress.761371496.to_port": "5432",
                            "name": "prod-postgres-secgroup",
                            "owner_id": "483714472176",
                            "revoke_rules_on_delete": "false",
                            "tags.%": "1",
                            "tags.Name": "prod-secgroup",
                            "vpc_id": "vpc-080efa2f28905a5a2"
                        },
                        "meta": {
                            "e2bfb730-ecaa-11e6-8f88-34363bc7c4c0": {
                                "create": 600000000000,
                                "delete": 600000000000
                            },
                            "schema_version": "1"
                        },
                        "tainted": false
                    },
                    "deposed": [],
                    "provider": "provider.aws"
                },
                "aws_subnet.prod-private-1": {
                    "type": "aws_subnet",
                    "depends_on": [
                        "aws_vpc.vpc-prod"
                    ],
                    "primary": {
                        "id": "subnet-037f335cc395f7b34",
                        "attributes": {
                            "arn": "arn:aws:ec2:us-east-1:483714472176:subnet/subnet-037f335cc395f7b34",
                            "assign_ipv6_address_on_creation": "false",
                            "availability_zone": "us-east-1a",
                            "availability_zone_id": "use1-az2",
                            "cidr_block": "172.16.4.0/24",
                            "id": "subnet-037f335cc395f7b34",
                            "ipv6_cidr_block": "",
                            "ipv6_cidr_block_association_id": "",
                            "map_public_ip_on_launch": "false",
                            "owner_id": "483714472176",
                            "tags.%": "1",
                            "tags.Name": "prod-private-1",
                            "vpc_id": "vpc-080efa2f28905a5a2"
                        },
                        "meta": {
                            "e2bfb730-ecaa-11e6-8f88-34363bc7c4c0": {
                                "create": 600000000000,
                                "delete": 1200000000000
                            },
                            "schema_version": "1"
                        },
                        "tainted": false
                    },
                    "deposed": [],
                    "provider": "provider.aws"
                },
                "aws_subnet.prod-private-2": {
                    "type": "aws_subnet",
                    "depends_on": [
                        "aws_vpc.vpc-prod"
                    ],
                    "primary": {
                        "id": "subnet-0ad1bc0c59501c658",
                        "attributes": {
                            "arn": "arn:aws:ec2:us-east-1:483714472176:subnet/subnet-0ad1bc0c59501c658",
                            "assign_ipv6_address_on_creation": "false",
                            "availability_zone": "us-east-1b",
                            "availability_zone_id": "use1-az4",
                            "cidr_block": "172.16.5.0/24",
                            "id": "subnet-0ad1bc0c59501c658",
                            "ipv6_cidr_block": "",
                            "ipv6_cidr_block_association_id": "",
                            "map_public_ip_on_launch": "false",
                            "owner_id": "483714472176",
                            "tags.%": "1",
                            "tags.Name": "prod-private-2",
                            "vpc_id": "vpc-080efa2f28905a5a2"
                        },
                        "meta": {
                            "e2bfb730-ecaa-11e6-8f88-34363bc7c4c0": {
                                "create": 600000000000,
                                "delete": 1200000000000
                            },
                            "schema_version": "1"
                        },
                        "tainted": false
                    },
                    "deposed": [],
                    "provider": "provider.aws"
                },
                "aws_subnet.prod-private-3": {
                    "type": "aws_subnet",
                    "depends_on": [
                        "aws_vpc.vpc-prod"
                    ],
                    "primary": {
                        "id": "subnet-0b067f195c5623029",
                        "attributes": {
                            "arn": "arn:aws:ec2:us-east-1:483714472176:subnet/subnet-0b067f195c5623029",
                            "assign_ipv6_address_on_creation": "false",
                            "availability_zone": "us-east-1c",
                            "availability_zone_id": "use1-az6",
                            "cidr_block": "172.16.6.0/24",
                            "id": "subnet-0b067f195c5623029",
                            "ipv6_cidr_block": "",
                            "ipv6_cidr_block_association_id": "",
                            "map_public_ip_on_launch": "false",
                            "owner_id": "483714472176",
                            "tags.%": "1",
                            "tags.Name": "prod-private-3",
                            "vpc_id": "vpc-080efa2f28905a5a2"
                        },
                        "meta": {
                            "e2bfb730-ecaa-11e6-8f88-34363bc7c4c0": {
                                "create": 600000000000,
                                "delete": 1200000000000
                            },
                            "schema_version": "1"
                        },
                        "tainted": false
                    },
                    "deposed": [],
                    "provider": "provider.aws"
                },
                "aws_subnet.prod-public-1": {
                    "type": "aws_subnet",
                    "depends_on": [
                        "aws_vpc.vpc-prod"
                    ],
                    "primary": {
                        "id": "subnet-00c4cce927973ef30",
                        "attributes": {
                            "arn": "arn:aws:ec2:us-east-1:483714472176:subnet/subnet-00c4cce927973ef30",
                            "assign_ipv6_address_on_creation": "false",
                            "availability_zone": "us-east-1a",
                            "availability_zone_id": "use1-az2",
                            "cidr_block": "172.16.1.0/24",
                            "id": "subnet-00c4cce927973ef30",
                            "ipv6_cidr_block": "",
                            "ipv6_cidr_block_association_id": "",
                            "map_public_ip_on_launch": "true",
                            "owner_id": "483714472176",
                            "tags.%": "1",
                            "tags.Name": "prod-public-1",
                            "vpc_id": "vpc-080efa2f28905a5a2"
                        },
                        "meta": {
                            "e2bfb730-ecaa-11e6-8f88-34363bc7c4c0": {
                                "create": 600000000000,
                                "delete": 1200000000000
                            },
                            "schema_version": "1"
                        },
                        "tainted": false
                    },
                    "deposed": [],
                    "provider": "provider.aws"
                },
                "aws_subnet.prod-public-2": {
                    "type": "aws_subnet",
                    "depends_on": [
                        "aws_vpc.vpc-prod"
                    ],
                    "primary": {
                        "id": "subnet-069e1bb70ebe1effe",
                        "attributes": {
                            "arn": "arn:aws:ec2:us-east-1:483714472176:subnet/subnet-069e1bb70ebe1effe",
                            "assign_ipv6_address_on_creation": "false",
                            "availability_zone": "us-east-1b",
                            "availability_zone_id": "use1-az4",
                            "cidr_block": "172.16.2.0/24",
                            "id": "subnet-069e1bb70ebe1effe",
                            "ipv6_cidr_block": "",
                            "ipv6_cidr_block_association_id": "",
                            "map_public_ip_on_launch": "true",
                            "owner_id": "483714472176",
                            "tags.%": "1",
                            "tags.Name": "prod-public-2",
                            "vpc_id": "vpc-080efa2f28905a5a2"
                        },
                        "meta": {
                            "e2bfb730-ecaa-11e6-8f88-34363bc7c4c0": {
                                "create": 600000000000,
                                "delete": 1200000000000
                            },
                            "schema_version": "1"
                        },
                        "tainted": false
                    },
                    "deposed": [],
                    "provider": "provider.aws"
                },
                "aws_subnet.prod-public-3": {
                    "type": "aws_subnet",
                    "depends_on": [
                        "aws_vpc.vpc-prod"
                    ],
                    "primary": {
                        "id": "subnet-0061589adbd1c0406",
                        "attributes": {
                            "arn": "arn:aws:ec2:us-east-1:483714472176:subnet/subnet-0061589adbd1c0406",
                            "assign_ipv6_address_on_creation": "false",
                            "availability_zone": "us-east-1c",
                            "availability_zone_id": "use1-az6",
                            "cidr_block": "172.16.3.0/24",
                            "id": "subnet-0061589adbd1c0406",
                            "ipv6_cidr_block": "",
                            "ipv6_cidr_block_association_id": "",
                            "map_public_ip_on_launch": "true",
                            "owner_id": "483714472176",
                            "tags.%": "1",
                            "tags.Name": "prod-public-3",
                            "vpc_id": "vpc-080efa2f28905a5a2"
                        },
                        "meta": {
                            "e2bfb730-ecaa-11e6-8f88-34363bc7c4c0": {
                                "create": 600000000000,
                                "delete": 1200000000000
                            },
                            "schema_version": "1"
                        },
                        "tainted": false
                    },
                    "deposed": [],
                    "provider": "provider.aws"
                },
                "aws_vpc.vpc-prod": {
                    "type": "aws_vpc",
                    "depends_on": [],
                    "primary": {
                        "id": "vpc-080efa2f28905a5a2",
                        "attributes": {
                            "arn": "arn:aws:ec2:us-east-1:483714472176:vpc/vpc-080efa2f28905a5a2",
                            "assign_generated_ipv6_cidr_block": "false",
                            "cidr_block": "172.16.0.0/16",
                            "default_network_acl_id": "acl-059b1476abc73695f",
                            "default_route_table_id": "rtb-0e34f60ef6b1713cf",
                            "default_security_group_id": "sg-0bc0bdfc20ae77dde",
                            "dhcp_options_id": "dopt-c294c4b9",
                            "enable_classiclink": "false",
                            "enable_classiclink_dns_support": "false",
                            "enable_dns_hostnames": "true",
                            "enable_dns_support": "true",
                            "id": "vpc-080efa2f28905a5a2",
                            "instance_tenancy": "default",
                            "ipv6_association_id": "",
                            "ipv6_cidr_block": "",
                            "main_route_table_id": "rtb-0e34f60ef6b1713cf",
                            "owner_id": "483714472176",
                            "tags.%": "1",
                            "tags.Name": "vpcprod"
                        },
                        "meta": {
                            "schema_version": "1"
                        },
                        "tainted": false
                    },
                    "deposed": [],
                    "provider": "provider.aws"
                }
            },
            "depends_on": []
        }
    ]
}
